
Microsoft Visual Studio Solution File, Format Version 12.00
# Visual Studio Version 17
VisualStudioVersion = 17.1.32328.378
MinimumVisualStudioVersion = 10.0.40219.1
Project("{9A19103F-16F7-4668-BE54-9A1E7A4F7556}") = "SkgtService", "SkgtService\SkgtService.csproj", "{DE6ECD4B-B927-4098-AAE2-8D5187298E5D}"
EndProject
Project("{9A19103F-16F7-4668-BE54-9A1E7A4F7556}") = "TramlineFive.DataAccess", "TramlineFive.DataAccess\TramlineFive.DataAccess.csproj", "{E3D8184E-69CB-4433-870E-B6D97DFBFDE0}"
EndProject
Project("{9A19103F-16F7-4668-BE54-9A1E7A4F7556}") = "TramlineFive.Common", "TramlineFive.Common\TramlineFive.Common.csproj", "{53AC0DA3-1CA0-47C1-9398-3AD43B9C89B7}"
EndProject
Project("{9A19103F-16F7-4668-BE54-9A1E7A4F7556}") = "TramlineFive.Maui", "TramlineFive.Maui\TramlineFive.Maui.csproj", "{45C20315-6681-4F6E-8BD4-8B43A9ABC6F9}"
EndProject
Global
	GlobalSection(SolutionConfigurationPlatforms) = preSolution
		Ad-Hoc|Any CPU = Ad-Hoc|Any CPU
		Ad-Hoc|ARM = Ad-Hoc|ARM
		Ad-Hoc|iPhone = Ad-Hoc|iPhone
		Ad-Hoc|iPhoneSimulator = Ad-Hoc|iPhoneSimulator
		Ad-Hoc|x64 = Ad-Hoc|x64
		Ad-Hoc|x86 = Ad-Hoc|x86
		AppStore|Any CPU = AppStore|Any CPU
		AppStore|ARM = AppStore|ARM
		AppStore|iPhone = AppStore|iPhone
		AppStore|iPhoneSimulator = AppStore|iPhoneSimulator
		AppStore|x64 = AppStore|x64
		AppStore|x86 = AppStore|x86
		Debug|Any CPU = Debug|Any CPU
		Debug|ARM = Debug|ARM
		Debug|iPhone = Debug|iPhone
		Debug|iPhoneSimulator = Debug|iPhoneSimulator
		Debug|x64 = Debug|x64
		Debug|x86 = Debug|x86
		Release|Any CPU = Release|Any CPU
		Release|ARM = Release|ARM
		Release|iPhone = Release|iPhone
		Release|iPhoneSimulator = Release|iPhoneSimulator
		Release|x64 = Release|x64
		Release|x86 = Release|x86
	EndGlobalSection
	GlobalSection(ProjectConfigurationPlatforms) = postSolution
		{DE6ECD4B-B927-4098-AAE2-8D5187298E5D}.Ad-Hoc|Any CPU.ActiveCfg = Debug|Any CPU
		{DE6ECD4B-B927-4098-AAE2-8D5187298E5D}.Ad-Hoc|Any CPU.Build.0 = Debug|Any CPU
		{DE6ECD4B-B927-4098-AAE2-8D5187298E5D}.Ad-Hoc|ARM.ActiveCfg = Debug|Any CPU
		{DE6ECD4B-B927-4098-AAE2-8D5187298E5D}.Ad-Hoc|ARM.Build.0 = Debug|Any CPU
		{DE6ECD4B-B927-4098-AAE2-8D5187298E5D}.Ad-Hoc|iPhone.ActiveCfg = Debug|Any CPU
		{DE6ECD4B-B927-4098-AAE2-8D5187298E5D}.Ad-Hoc|iPhone.Build.0 = Debug|Any CPU
		{DE6ECD4B-B927-4098-AAE2-8D5187298E5D}.Ad-Hoc|iPhoneSimulator.ActiveCfg = Debug|Any CPU
		{DE6ECD4B-B927-4098-AAE2-8D5187298E5D}.Ad-Hoc|iPhoneSimulator.Build.0 = Debug|Any CPU
		{DE6ECD4B-B927-4098-AAE2-8D5187298E5D}.Ad-Hoc|x64.ActiveCfg = Debug|Any CPU
		{DE6ECD4B-B927-4098-AAE2-8D5187298E5D}.Ad-Hoc|x64.Build.0 = Debug|Any CPU
		{DE6ECD4B-B927-4098-AAE2-8D5187298E5D}.Ad-Hoc|x86.ActiveCfg = Debug|Any CPU
		{DE6ECD4B-B927-4098-AAE2-8D5187298E5D}.Ad-Hoc|x86.Build.0 = Debug|Any CPU
		{DE6ECD4B-B927-4098-AAE2-8D5187298E5D}.AppStore|Any CPU.ActiveCfg = Debug|Any CPU
		{DE6ECD4B-B927-4098-AAE2-8D5187298E5D}.AppStore|Any CPU.Build.0 = Debug|Any CPU
		{DE6ECD4B-B927-4098-AAE2-8D5187298E5D}.AppStore|ARM.ActiveCfg = Debug|Any CPU
		{DE6ECD4B-B927-4098-AAE2-8D5187298E5D}.AppStore|ARM.Build.0 = Debug|Any CPU
		{DE6ECD4B-B927-4098-AAE2-8D5187298E5D}.AppStore|iPhone.ActiveCfg = Debug|Any CPU
		{DE6ECD4B-B927-4098-AAE2-8D5187298E5D}.AppStore|iPhone.Build.0 = Debug|Any CPU
		{DE6ECD4B-B927-4098-AAE2-8D5187298E5D}.AppStore|iPhoneSimulator.ActiveCfg = Debug|Any CPU
		{DE6ECD4B-B927-4098-AAE2-8D5187298E5D}.AppStore|iPhoneSimulator.Build.0 = Debug|Any CPU
		{DE6ECD4B-B927-4098-AAE2-8D5187298E5D}.AppStore|x64.ActiveCfg = Debug|Any CPU
		{DE6ECD4B-B927-4098-AAE2-8D5187298E5D}.AppStore|x64.Build.0 = Debug|Any CPU
		{DE6ECD4B-B927-4098-AAE2-8D5187298E5D}.AppStore|x86.ActiveCfg = Debug|Any CPU
		{DE6ECD4B-B927-4098-AAE2-8D5187298E5D}.AppStore|x86.Build.0 = Debug|Any CPU
		{DE6ECD4B-B927-4098-AAE2-8D5187298E5D}.Debug|Any CPU.ActiveCfg = Debug|Any CPU
		{DE6ECD4B-B927-4098-AAE2-8D5187298E5D}.Debug|Any CPU.Build.0 = Debug|Any CPU
		{DE6ECD4B-B927-4098-AAE2-8D5187298E5D}.Debug|ARM.ActiveCfg = Debug|Any CPU
		{DE6ECD4B-B927-4098-AAE2-8D5187298E5D}.Debug|ARM.Build.0 = Debug|Any CPU
		{DE6ECD4B-B927-4098-AAE2-8D5187298E5D}.Debug|iPhone.ActiveCfg = Debug|Any CPU
		{DE6ECD4B-B927-4098-AAE2-8D5187298E5D}.Debug|iPhone.Build.0 = Debug|Any CPU
		{DE6ECD4B-B927-4098-AAE2-8D5187298E5D}.Debug|iPhoneSimulator.ActiveCfg = Debug|Any CPU
		{DE6ECD4B-B927-4098-AAE2-8D5187298E5D}.Debug|iPhoneSimulator.Build.0 = Debug|Any CPU
		{DE6ECD4B-B927-4098-AAE2-8D5187298E5D}.Debug|x64.ActiveCfg = Debug|Any CPU
		{DE6ECD4B-B927-4098-AAE2-8D5187298E5D}.Debug|x64.Build.0 = Debug|Any CPU
		{DE6ECD4B-B927-4098-AAE2-8D5187298E5D}.Debug|x86.ActiveCfg = Debug|Any CPU
		{DE6ECD4B-B927-4098-AAE2-8D5187298E5D}.Debug|x86.Build.0 = Debug|Any CPU
		{DE6ECD4B-B927-4098-AAE2-8D5187298E5D}.Release|Any CPU.ActiveCfg = Release|Any CPU
		{DE6ECD4B-B927-4098-AAE2-8D5187298E5D}.Release|Any CPU.Build.0 = Release|Any CPU
		{DE6ECD4B-B927-4098-AAE2-8D5187298E5D}.Release|ARM.ActiveCfg = Release|Any CPU
		{DE6ECD4B-B927-4098-AAE2-8D5187298E5D}.Release|ARM.Build.0 = Release|Any CPU
		{DE6ECD4B-B927-4098-AAE2-8D5187298E5D}.Release|iPhone.ActiveCfg = Release|Any CPU
		{DE6ECD4B-B927-4098-AAE2-8D5187298E5D}.Release|iPhone.Build.0 = Release|Any CPU
		{DE6ECD4B-B927-4098-AAE2-8D5187298E5D}.Release|iPhoneSimulator.ActiveCfg = Release|Any CPU
		{DE6ECD4B-B927-4098-AAE2-8D5187298E5D}.Release|iPhoneSimulator.Build.0 = Release|Any CPU
		{DE6ECD4B-B927-4098-AAE2-8D5187298E5D}.Release|x64.ActiveCfg = Release|Any CPU
		{DE6ECD4B-B927-4098-AAE2-8D5187298E5D}.Release|x64.Build.0 = Release|Any CPU
		{DE6ECD4B-B927-4098-AAE2-8D5187298E5D}.Release|x86.ActiveCfg = Release|Any CPU
		{DE6ECD4B-B927-4098-AAE2-8D5187298E5D}.Release|x86.Build.0 = Release|Any CPU
		{E3D8184E-69CB-4433-870E-B6D97DFBFDE0}.Ad-Hoc|Any CPU.ActiveCfg = Debug|Any CPU
		{E3D8184E-69CB-4433-870E-B6D97DFBFDE0}.Ad-Hoc|Any CPU.Build.0 = Debug|Any CPU
		{E3D8184E-69CB-4433-870E-B6D97DFBFDE0}.Ad-Hoc|ARM.ActiveCfg = Debug|Any CPU
		{E3D8184E-69CB-4433-870E-B6D97DFBFDE0}.Ad-Hoc|ARM.Build.0 = Debug|Any CPU
		{E3D8184E-69CB-4433-870E-B6D97DFBFDE0}.Ad-Hoc|iPhone.ActiveCfg = Debug|Any CPU
		{E3D8184E-69CB-4433-870E-B6D97DFBFDE0}.Ad-Hoc|iPhone.Build.0 = Debug|Any CPU
		{E3D8184E-69CB-4433-870E-B6D97DFBFDE0}.Ad-Hoc|iPhoneSimulator.ActiveCfg = Debug|Any CPU
		{E3D8184E-69CB-4433-870E-B6D97DFBFDE0}.Ad-Hoc|iPhoneSimulator.Build.0 = Debug|Any CPU
		{E3D8184E-69CB-4433-870E-B6D97DFBFDE0}.Ad-Hoc|x64.ActiveCfg = Debug|Any CPU
		{E3D8184E-69CB-4433-870E-B6D97DFBFDE0}.Ad-Hoc|x64.Build.0 = Debug|Any CPU
		{E3D8184E-69CB-4433-870E-B6D97DFBFDE0}.Ad-Hoc|x86.ActiveCfg = Debug|Any CPU
		{E3D8184E-69CB-4433-870E-B6D97DFBFDE0}.Ad-Hoc|x86.Build.0 = Debug|Any CPU
		{E3D8184E-69CB-4433-870E-B6D97DFBFDE0}.AppStore|Any CPU.ActiveCfg = Debug|Any CPU
		{E3D8184E-69CB-4433-870E-B6D97DFBFDE0}.AppStore|Any CPU.Build.0 = Debug|Any CPU
		{E3D8184E-69CB-4433-870E-B6D97DFBFDE0}.AppStore|ARM.ActiveCfg = Debug|Any CPU
		{E3D8184E-69CB-4433-870E-B6D97DFBFDE0}.AppStore|ARM.Build.0 = Debug|Any CPU
		{E3D8184E-69CB-4433-870E-B6D97DFBFDE0}.AppStore|iPhone.ActiveCfg = Debug|Any CPU
		{E3D8184E-69CB-4433-870E-B6D97DFBFDE0}.AppStore|iPhone.Build.0 = Debug|Any CPU
		{E3D8184E-69CB-4433-870E-B6D97DFBFDE0}.AppStore|iPhoneSimulator.ActiveCfg = Debug|Any CPU
		{E3D8184E-69CB-4433-870E-B6D97DFBFDE0}.AppStore|iPhoneSimulator.Build.0 = Debug|Any CPU
		{E3D8184E-69CB-4433-870E-B6D97DFBFDE0}.AppStore|x64.ActiveCfg = Debug|Any CPU
		{E3D8184E-69CB-4433-870E-B6D97DFBFDE0}.AppStore|x64.Build.0 = Debug|Any CPU
		{E3D8184E-69CB-4433-870E-B6D97DFBFDE0}.AppStore|x86.ActiveCfg = Debug|Any CPU
		{E3D8184E-69CB-4433-870E-B6D97DFBFDE0}.AppStore|x86.Build.0 = Debug|Any CPU
		{E3D8184E-69CB-4433-870E-B6D97DFBFDE0}.Debug|Any CPU.ActiveCfg = Debug|Any CPU
		{E3D8184E-69CB-4433-870E-B6D97DFBFDE0}.Debug|Any CPU.Build.0 = Debug|Any CPU
		{E3D8184E-69CB-4433-870E-B6D97DFBFDE0}.Debug|ARM.ActiveCfg = Debug|Any CPU
		{E3D8184E-69CB-4433-870E-B6D97DFBFDE0}.Debug|ARM.Build.0 = Debug|Any CPU
		{E3D8184E-69CB-4433-870E-B6D97DFBFDE0}.Debug|iPhone.ActiveCfg = Debug|Any CPU
		{E3D8184E-69CB-4433-870E-B6D97DFBFDE0}.Debug|iPhone.Build.0 = Debug|Any CPU
		{E3D8184E-69CB-4433-870E-B6D97DFBFDE0}.Debug|iPhoneSimulator.ActiveCfg = Debug|Any CPU
		{E3D8184E-69CB-4433-870E-B6D97DFBFDE0}.Debug|iPhoneSimulator.Build.0 = Debug|Any CPU
		{E3D8184E-69CB-4433-870E-B6D97DFBFDE0}.Debug|x64.ActiveCfg = Debug|Any CPU
		{E3D8184E-69CB-4433-870E-B6D97DFBFDE0}.Debug|x64.Build.0 = Debug|Any CPU
		{E3D8184E-69CB-4433-870E-B6D97DFBFDE0}.Debug|x86.ActiveCfg = Debug|Any CPU
		{E3D8184E-69CB-4433-870E-B6D97DFBFDE0}.Debug|x86.Build.0 = Debug|Any CPU
		{E3D8184E-69CB-4433-870E-B6D97DFBFDE0}.Release|Any CPU.ActiveCfg = Release|Any CPU
		{E3D8184E-69CB-4433-870E-B6D97DFBFDE0}.Release|Any CPU.Build.0 = Release|Any CPU
		{E3D8184E-69CB-4433-870E-B6D97DFBFDE0}.Release|ARM.ActiveCfg = Release|Any CPU
		{E3D8184E-69CB-4433-870E-B6D97DFBFDE0}.Release|ARM.Build.0 = Release|Any CPU
		{E3D8184E-69CB-4433-870E-B6D97DFBFDE0}.Release|iPhone.ActiveCfg = Release|Any CPU
		{E3D8184E-69CB-4433-870E-B6D97DFBFDE0}.Release|iPhone.Build.0 = Release|Any CPU
		{E3D8184E-69CB-4433-870E-B6D97DFBFDE0}.Release|iPhoneSimulator.ActiveCfg = Release|Any CPU
		{E3D8184E-69CB-4433-870E-B6D97DFBFDE0}.Release|iPhoneSimulator.Build.0 = Release|Any CPU
		{E3D8184E-69CB-4433-870E-B6D97DFBFDE0}.Release|x64.ActiveCfg = Release|Any CPU
		{E3D8184E-69CB-4433-870E-B6D97DFBFDE0}.Release|x64.Build.0 = Release|Any CPU
		{E3D8184E-69CB-4433-870E-B6D97DFBFDE0}.Release|x86.ActiveCfg = Release|Any CPU
		{E3D8184E-69CB-4433-870E-B6D97DFBFDE0}.Release|x86.Build.0 = Release|Any CPU
		{53AC0DA3-1CA0-47C1-9398-3AD43B9C89B7}.Ad-Hoc|Any CPU.ActiveCfg = Debug|Any CPU
		{53AC0DA3-1CA0-47C1-9398-3AD43B9C89B7}.Ad-Hoc|Any CPU.Build.0 = Debug|Any CPU
		{53AC0DA3-1CA0-47C1-9398-3AD43B9C89B7}.Ad-Hoc|ARM.ActiveCfg = Debug|Any CPU
		{53AC0DA3-1CA0-47C1-9398-3AD43B9C89B7}.Ad-Hoc|ARM.Build.0 = Debug|Any CPU
		{53AC0DA3-1CA0-47C1-9398-3AD43B9C89B7}.Ad-Hoc|iPhone.ActiveCfg = Debug|Any CPU
		{53AC0DA3-1CA0-47C1-9398-3AD43B9C89B7}.Ad-Hoc|iPhone.Build.0 = Debug|Any CPU
		{53AC0DA3-1CA0-47C1-9398-3AD43B9C89B7}.Ad-Hoc|iPhoneSimulator.ActiveCfg = Debug|Any CPU
		{53AC0DA3-1CA0-47C1-9398-3AD43B9C89B7}.Ad-Hoc|iPhoneSimulator.Build.0 = Debug|Any CPU
		{53AC0DA3-1CA0-47C1-9398-3AD43B9C89B7}.Ad-Hoc|x64.ActiveCfg = Debug|Any CPU
		{53AC0DA3-1CA0-47C1-9398-3AD43B9C89B7}.Ad-Hoc|x64.Build.0 = Debug|Any CPU
		{53AC0DA3-1CA0-47C1-9398-3AD43B9C89B7}.Ad-Hoc|x86.ActiveCfg = Debug|Any CPU
		{53AC0DA3-1CA0-47C1-9398-3AD43B9C89B7}.Ad-Hoc|x86.Build.0 = Debug|Any CPU
		{53AC0DA3-1CA0-47C1-9398-3AD43B9C89B7}.AppStore|Any CPU.ActiveCfg = Debug|Any CPU
		{53AC0DA3-1CA0-47C1-9398-3AD43B9C89B7}.AppStore|Any CPU.Build.0 = Debug|Any CPU
		{53AC0DA3-1CA0-47C1-9398-3AD43B9C89B7}.AppStore|ARM.ActiveCfg = Debug|Any CPU
		{53AC0DA3-1CA0-47C1-9398-3AD43B9C89B7}.AppStore|ARM.Build.0 = Debug|Any CPU
		{53AC0DA3-1CA0-47C1-9398-3AD43B9C89B7}.AppStore|iPhone.ActiveCfg = Debug|Any CPU
		{53AC0DA3-1CA0-47C1-9398-3AD43B9C89B7}.AppStore|iPhone.Build.0 = Debug|Any CPU
		{53AC0DA3-1CA0-47C1-9398-3AD43B9C89B7}.AppStore|iPhoneSimulator.ActiveCfg = Debug|Any CPU
		{53AC0DA3-1CA0-47C1-9398-3AD43B9C89B7}.AppStore|iPhoneSimulator.Build.0 = Debug|Any CPU
		{53AC0DA3-1CA0-47C1-9398-3AD43B9C89B7}.AppStore|x64.ActiveCfg = Debug|Any CPU
		{53AC0DA3-1CA0-47C1-9398-3AD43B9C89B7}.AppStore|x64.Build.0 = Debug|Any CPU
		{53AC0DA3-1CA0-47C1-9398-3AD43B9C89B7}.AppStore|x86.ActiveCfg = Debug|Any CPU
		{53AC0DA3-1CA0-47C1-9398-3AD43B9C89B7}.AppStore|x86.Build.0 = Debug|Any CPU
		{53AC0DA3-1CA0-47C1-9398-3AD43B9C89B7}.Debug|Any CPU.ActiveCfg = Debug|Any CPU
		{53AC0DA3-1CA0-47C1-9398-3AD43B9C89B7}.Debug|Any CPU.Build.0 = Debug|Any CPU
		{53AC0DA3-1CA0-47C1-9398-3AD43B9C89B7}.Debug|ARM.ActiveCfg = Debug|Any CPU
		{53AC0DA3-1CA0-47C1-9398-3AD43B9C89B7}.Debug|ARM.Build.0 = Debug|Any CPU
		{53AC0DA3-1CA0-47C1-9398-3AD43B9C89B7}.Debug|iPhone.ActiveCfg = Debug|Any CPU
		{53AC0DA3-1CA0-47C1-9398-3AD43B9C89B7}.Debug|iPhone.Build.0 = Debug|Any CPU
		{53AC0DA3-1CA0-47C1-9398-3AD43B9C89B7}.Debug|iPhoneSimulator.ActiveCfg = Debug|Any CPU
		{53AC0DA3-1CA0-47C1-9398-3AD43B9C89B7}.Debug|iPhoneSimulator.Build.0 = Debug|Any CPU
		{53AC0DA3-1CA0-47C1-9398-3AD43B9C89B7}.Debug|x64.ActiveCfg = Debug|Any CPU
		{53AC0DA3-1CA0-47C1-9398-3AD43B9C89B7}.Debug|x64.Build.0 = Debug|Any CPU
		{53AC0DA3-1CA0-47C1-9398-3AD43B9C89B7}.Debug|x86.ActiveCfg = Debug|Any CPU
		{53AC0DA3-1CA0-47C1-9398-3AD43B9C89B7}.Debug|x86.Build.0 = Debug|Any CPU
		{53AC0DA3-1CA0-47C1-9398-3AD43B9C89B7}.Release|Any CPU.ActiveCfg = Release|Any CPU
		{53AC0DA3-1CA0-47C1-9398-3AD43B9C89B7}.Release|Any CPU.Build.0 = Release|Any CPU
		{53AC0DA3-1CA0-47C1-9398-3AD43B9C89B7}.Release|ARM.ActiveCfg = Release|Any CPU
		{53AC0DA3-1CA0-47C1-9398-3AD43B9C89B7}.Release|ARM.Build.0 = Release|Any CPU
		{53AC0DA3-1CA0-47C1-9398-3AD43B9C89B7}.Release|iPhone.ActiveCfg = Release|Any CPU
		{53AC0DA3-1CA0-47C1-9398-3AD43B9C89B7}.Release|iPhone.Build.0 = Release|Any CPU
		{53AC0DA3-1CA0-47C1-9398-3AD43B9C89B7}.Release|iPhoneSimulator.ActiveCfg = Release|Any CPU
		{53AC0DA3-1CA0-47C1-9398-3AD43B9C89B7}.Release|iPhoneSimulator.Build.0 = Release|Any CPU
		{53AC0DA3-1CA0-47C1-9398-3AD43B9C89B7}.Release|x64.ActiveCfg = Release|Any CPU
		{53AC0DA3-1CA0-47C1-9398-3AD43B9C89B7}.Release|x64.Build.0 = Release|Any CPU
		{53AC0DA3-1CA0-47C1-9398-3AD43B9C89B7}.Release|x86.ActiveCfg = Release|Any CPU
		{53AC0DA3-1CA0-47C1-9398-3AD43B9C89B7}.Release|x86.Build.0 = Release|Any CPU
		{45C20315-6681-4F6E-8BD4-8B43A9ABC6F9}.Ad-Hoc|Any CPU.ActiveCfg = Debug|Any CPU
		{45C20315-6681-4F6E-8BD4-8B43A9ABC6F9}.Ad-Hoc|Any CPU.Build.0 = Debug|Any CPU
		{45C20315-6681-4F6E-8BD4-8B43A9ABC6F9}.Ad-Hoc|Any CPU.Deploy.0 = Debug|Any CPU
		{45C20315-6681-4F6E-8BD4-8B43A9ABC6F9}.Ad-Hoc|ARM.ActiveCfg = Debug|Any CPU
		{45C20315-6681-4F6E-8BD4-8B43A9ABC6F9}.Ad-Hoc|ARM.Build.0 = Debug|Any CPU
		{45C20315-6681-4F6E-8BD4-8B43A9ABC6F9}.Ad-Hoc|ARM.Deploy.0 = Debug|Any CPU
		{45C20315-6681-4F6E-8BD4-8B43A9ABC6F9}.Ad-Hoc|iPhone.ActiveCfg = Debug|Any CPU
		{45C20315-6681-4F6E-8BD4-8B43A9ABC6F9}.Ad-Hoc|iPhone.Build.0 = Debug|Any CPU
		{45C20315-6681-4F6E-8BD4-8B43A9ABC6F9}.Ad-Hoc|iPhone.Deploy.0 = Debug|Any CPU
		{45C20315-6681-4F6E-8BD4-8B43A9ABC6F9}.Ad-Hoc|iPhoneSimulator.ActiveCfg = Debug|Any CPU
		{45C20315-6681-4F6E-8BD4-8B43A9ABC6F9}.Ad-Hoc|iPhoneSimulator.Build.0 = Debug|Any CPU
		{45C20315-6681-4F6E-8BD4-8B43A9ABC6F9}.Ad-Hoc|iPhoneSimulator.Deploy.0 = Debug|Any CPU
		{45C20315-6681-4F6E-8BD4-8B43A9ABC6F9}.Ad-Hoc|x64.ActiveCfg = Debug|Any CPU
		{45C20315-6681-4F6E-8BD4-8B43A9ABC6F9}.Ad-Hoc|x64.Build.0 = Debug|Any CPU
		{45C20315-6681-4F6E-8BD4-8B43A9ABC6F9}.Ad-Hoc|x64.Deploy.0 = Debug|Any CPU
		{45C20315-6681-4F6E-8BD4-8B43A9ABC6F9}.Ad-Hoc|x86.ActiveCfg = Debug|Any CPU
		{45C20315-6681-4F6E-8BD4-8B43A9ABC6F9}.Ad-Hoc|x86.Build.0 = Debug|Any CPU
		{45C20315-6681-4F6E-8BD4-8B43A9ABC6F9}.Ad-Hoc|x86.Deploy.0 = Debug|Any CPU
		{45C20315-6681-4F6E-8BD4-8B43A9ABC6F9}.AppStore|Any CPU.ActiveCfg = Debug|Any CPU
		{45C20315-6681-4F6E-8BD4-8B43A9ABC6F9}.AppStore|Any CPU.Build.0 = Debug|Any CPU
		{45C20315-6681-4F6E-8BD4-8B43A9ABC6F9}.AppStore|Any CPU.Deploy.0 = Debug|Any CPU
		{45C20315-6681-4F6E-8BD4-8B43A9ABC6F9}.AppStore|ARM.ActiveCfg = Debug|Any CPU
		{45C20315-6681-4F6E-8BD4-8B43A9ABC6F9}.AppStore|ARM.Build.0 = Debug|Any CPU
		{45C20315-6681-4F6E-8BD4-8B43A9ABC6F9}.AppStore|ARM.Deploy.0 = Debug|Any CPU
		{45C20315-6681-4F6E-8BD4-8B43A9ABC6F9}.AppStore|iPhone.ActiveCfg = Debug|Any CPU
		{45C20315-6681-4F6E-8BD4-8B43A9ABC6F9}.AppStore|iPhone.Build.0 = Debug|Any CPU
		{45C20315-6681-4F6E-8BD4-8B43A9ABC6F9}.AppStore|iPhone.Deploy.0 = Debug|Any CPU
		{45C20315-6681-4F6E-8BD4-8B43A9ABC6F9}.AppStore|iPhoneSimulator.ActiveCfg = Debug|Any CPU
		{45C20315-6681-4F6E-8BD4-8B43A9ABC6F9}.AppStore|iPhoneSimulator.Build.0 = Debug|Any CPU
		{45C20315-6681-4F6E-8BD4-8B43A9ABC6F9}.AppStore|iPhoneSimulator.Deploy.0 = Debug|Any CPU
		{45C20315-6681-4F6E-8BD4-8B43A9ABC6F9}.AppStore|x64.ActiveCfg = Debug|Any CPU
		{45C20315-6681-4F6E-8BD4-8B43A9ABC6F9}.AppStore|x64.Build.0 = Debug|Any CPU
		{45C20315-6681-4F6E-8BD4-8B43A9ABC6F9}.AppStore|x64.Deploy.0 = Debug|Any CPU
		{45C20315-6681-4F6E-8BD4-8B43A9ABC6F9}.AppStore|x86.ActiveCfg = Debug|Any CPU
		{45C20315-6681-4F6E-8BD4-8B43A9ABC6F9}.AppStore|x86.Build.0 = Debug|Any CPU
		{45C20315-6681-4F6E-8BD4-8B43A9ABC6F9}.AppStore|x86.Deploy.0 = Debug|Any CPU
		{45C20315-6681-4F6E-8BD4-8B43A9ABC6F9}.Debug|Any CPU.ActiveCfg = Debug|Any CPU
		{45C20315-6681-4F6E-8BD4-8B43A9ABC6F9}.Debug|Any CPU.Build.0 = Debug|Any CPU
		{45C20315-6681-4F6E-8BD4-8B43A9ABC6F9}.Debug|Any CPU.Deploy.0 = Debug|Any CPU
		{45C20315-6681-4F6E-8BD4-8B43A9ABC6F9}.Debug|ARM.ActiveCfg = Debug|Any CPU
		{45C20315-6681-4F6E-8BD4-8B43A9ABC6F9}.Debug|ARM.Build.0 = Debug|Any CPU
		{45C20315-6681-4F6E-8BD4-8B43A9ABC6F9}.Debug|ARM.Deploy.0 = Debug|Any CPU
		{45C20315-6681-4F6E-8BD4-8B43A9ABC6F9}.Debug|iPhone.ActiveCfg = Debug|Any CPU
		{45C20315-6681-4F6E-8BD4-8B43A9ABC6F9}.Debug|iPhone.Build.0 = Debug|Any CPU
		{45C20315-6681-4F6E-8BD4-8B43A9ABC6F9}.Debug|iPhone.Deploy.0 = Debug|Any CPU
		{45C20315-6681-4F6E-8BD4-8B43A9ABC6F9}.Debug|iPhoneSimulator.ActiveCfg = Debug|Any CPU
		{45C20315-6681-4F6E-8BD4-8B43A9ABC6F9}.Debug|iPhoneSimulator.Build.0 = Debug|Any CPU
		{45C20315-6681-4F6E-8BD4-8B43A9ABC6F9}.Debug|iPhoneSimulator.Deploy.0 = Debug|Any CPU
		{45C20315-6681-4F6E-8BD4-8B43A9ABC6F9}.Debug|x64.ActiveCfg = Debug|Any CPU
		{45C20315-6681-4F6E-8BD4-8B43A9ABC6F9}.Debug|x64.Build.0 = Debug|Any CPU
		{45C20315-6681-4F6E-8BD4-8B43A9ABC6F9}.Debug|x64.Deploy.0 = Debug|Any CPU
		{45C20315-6681-4F6E-8BD4-8B43A9ABC6F9}.Debug|x86.ActiveCfg = Debug|Any CPU
		{45C20315-6681-4F6E-8BD4-8B43A9ABC6F9}.Debug|x86.Build.0 = Debug|Any CPU
		{45C20315-6681-4F6E-8BD4-8B43A9ABC6F9}.Debug|x86.Deploy.0 = Debug|Any CPU
		{45C20315-6681-4F6E-8BD4-8B43A9ABC6F9}.Release|Any CPU.ActiveCfg = Release|Any CPU
		{45C20315-6681-4F6E-8BD4-8B43A9ABC6F9}.Release|Any CPU.Build.0 = Release|Any CPU
		{45C20315-6681-4F6E-8BD4-8B43A9ABC6F9}.Release|Any CPU.Deploy.0 = Release|Any CPU
		{45C20315-6681-4F6E-8BD4-8B43A9ABC6F9}.Release|ARM.ActiveCfg = Release|Any CPU
		{45C20315-6681-4F6E-8BD4-8B43A9ABC6F9}.Release|ARM.Build.0 = Release|Any CPU
		{45C20315-6681-4F6E-8BD4-8B43A9ABC6F9}.Release|ARM.Deploy.0 = Release|Any CPU
		{45C20315-6681-4F6E-8BD4-8B43A9ABC6F9}.Release|iPhone.ActiveCfg = Release|Any CPU
		{45C20315-6681-4F6E-8BD4-8B43A9ABC6F9}.Release|iPhone.Build.0 = Release|Any CPU
		{45C20315-6681-4F6E-8BD4-8B43A9ABC6F9}.Release|iPhone.Deploy.0 = Release|Any CPU
		{45C20315-6681-4F6E-8BD4-8B43A9ABC6F9}.Release|iPhoneSimulator.ActiveCfg = Release|Any CPU
		{45C20315-6681-4F6E-8BD4-8B43A9ABC6F9}.Release|iPhoneSimulator.Build.0 = Release|Any CPU
		{45C20315-6681-4F6E-8BD4-8B43A9ABC6F9}.Release|iPhoneSimulator.Deploy.0 = Release|Any CPU
		{45C20315-6681-4F6E-8BD4-8B43A9ABC6F9}.Release|x64.ActiveCfg = Release|Any CPU
		{45C20315-6681-4F6E-8BD4-8B43A9ABC6F9}.Release|x64.Build.0 = Release|Any CPU
		{45C20315-6681-4F6E-8BD4-8B43A9ABC6F9}.Release|x64.Deploy.0 = Release|Any CPU
		{45C20315-6681-4F6E-8BD4-8B43A9ABC6F9}.Release|x86.ActiveCfg = Release|Any CPU
		{45C20315-6681-4F6E-8BD4-8B43A9ABC6F9}.Release|x86.Build.0 = Release|Any CPU
		{45C20315-6681-4F6E-8BD4-8B43A9ABC6F9}.Release|x86.Deploy.0 = Release|Any CPU
	EndGlobalSection
	GlobalSection(SolutionProperties) = preSolution
		HideSolutionNode = FALSE
	EndGlobalSection
	GlobalSection(ExtensibilityGlobals) = postSolution
		SolutionGuid = {D964B9DA-8DB2-4F38-8301-7E4C7B378D7A}
	EndGlobalSection
EndGlobal
