
Microsoft Visual Studio Solution File, Format Version 12.00
# Visual Studio 15
VisualStudioVersion = 15.0.26730.8
MinimumVisualStudioVersion = 10.0.40219.1
Project("{FAE04EC0-301F-11D3-BF4B-00C04F79EFBC}") = "TramlineFive.Android", "TramlineFive\TramlineFive.Android\TramlineFive.Android.csproj", "{BF80659D-FEEA-435E-B5FB-55F808EFF276}"
EndProject
Project("{FAE04EC0-301F-11D3-BF4B-00C04F79EFBC}") = "TramlineFive", "TramlineFive\TramlineFive\TramlineFive.csproj", "{094AAB09-DC5F-4886-BAAF-A58BF3DD5D84}"
EndProject
Project("{FAE04EC0-301F-11D3-BF4B-00C04F79EFBC}") = "TramlineFive.UWP", "TramlineFive\TramlineFive.UWP\TramlineFive.UWP.csproj", "{B6186E8B-8E88-4F83-A1A3-5ACDC11FCC4E}"
EndProject
Project("{FAE04EC0-301F-11D3-BF4B-00C04F79EFBC}") = "TramlineFive.iOS", "TramlineFive\TramlineFive.iOS\TramlineFive.iOS.csproj", "{42FC3681-7FD1-4E4D-827E-46357C52D063}"
EndProject
Project("{FAE04EC0-301F-11D3-BF4B-00C04F79EFBC}") = "SkgtService", "SkgtService\SkgtService.csproj", "{DE6ECD4B-B927-4098-AAE2-8D5187298E5D}"
EndProject
Global
	GlobalSection(SolutionConfigurationPlatforms) = preSolution
		Ad-Hoc|Any CPU = Ad-Hoc|Any CPU
		Ad-Hoc|ARM = Ad-Hoc|ARM
		Ad-Hoc|iPhone = Ad-Hoc|iPhone
		Ad-Hoc|iPhoneSimulator = Ad-Hoc|iPhoneSimulator
		Ad-Hoc|x64 = Ad-Hoc|x64
		Ad-Hoc|x86 = Ad-Hoc|x86
		AppStore|Any CPU = AppStore|Any CPU
		AppStore|ARM = AppStore|ARM
		AppStore|iPhone = AppStore|iPhone
		AppStore|iPhoneSimulator = AppStore|iPhoneSimulator
		AppStore|x64 = AppStore|x64
		AppStore|x86 = AppStore|x86
		Debug|Any CPU = Debug|Any CPU
		Debug|ARM = Debug|ARM
		Debug|iPhone = Debug|iPhone
		Debug|iPhoneSimulator = Debug|iPhoneSimulator
		Debug|x64 = Debug|x64
		Debug|x86 = Debug|x86
		Release|Any CPU = Release|Any CPU
		Release|ARM = Release|ARM
		Release|iPhone = Release|iPhone
		Release|iPhoneSimulator = Release|iPhoneSimulator
		Release|x64 = Release|x64
		Release|x86 = Release|x86
	EndGlobalSection
	GlobalSection(ProjectConfigurationPlatforms) = postSolution
		{BF80659D-FEEA-435E-B5FB-55F808EFF276}.Ad-Hoc|Any CPU.ActiveCfg = Release|Any CPU
		{BF80659D-FEEA-435E-B5FB-55F808EFF276}.Ad-Hoc|Any CPU.Build.0 = Release|Any CPU
		{BF80659D-FEEA-435E-B5FB-55F808EFF276}.Ad-Hoc|Any CPU.Deploy.0 = Release|Any CPU
		{BF80659D-FEEA-435E-B5FB-55F808EFF276}.Ad-Hoc|ARM.ActiveCfg = Release|Any CPU
		{BF80659D-FEEA-435E-B5FB-55F808EFF276}.Ad-Hoc|ARM.Build.0 = Release|Any CPU
		{BF80659D-FEEA-435E-B5FB-55F808EFF276}.Ad-Hoc|ARM.Deploy.0 = Release|Any CPU
		{BF80659D-FEEA-435E-B5FB-55F808EFF276}.Ad-Hoc|iPhone.ActiveCfg = Release|Any CPU
		{BF80659D-FEEA-435E-B5FB-55F808EFF276}.Ad-Hoc|iPhone.Build.0 = Release|Any CPU
		{BF80659D-FEEA-435E-B5FB-55F808EFF276}.Ad-Hoc|iPhone.Deploy.0 = Release|Any CPU
		{BF80659D-FEEA-435E-B5FB-55F808EFF276}.Ad-Hoc|iPhoneSimulator.ActiveCfg = Release|Any CPU
		{BF80659D-FEEA-435E-B5FB-55F808EFF276}.Ad-Hoc|iPhoneSimulator.Build.0 = Release|Any CPU
		{BF80659D-FEEA-435E-B5FB-55F808EFF276}.Ad-Hoc|iPhoneSimulator.Deploy.0 = Release|Any CPU
		{BF80659D-FEEA-435E-B5FB-55F808EFF276}.Ad-Hoc|x64.ActiveCfg = Release|Any CPU
		{BF80659D-FEEA-435E-B5FB-55F808EFF276}.Ad-Hoc|x64.Build.0 = Release|Any CPU
		{BF80659D-FEEA-435E-B5FB-55F808EFF276}.Ad-Hoc|x64.Deploy.0 = Release|Any CPU
		{BF80659D-FEEA-435E-B5FB-55F808EFF276}.Ad-Hoc|x86.ActiveCfg = Release|Any CPU
		{BF80659D-FEEA-435E-B5FB-55F808EFF276}.Ad-Hoc|x86.Build.0 = Release|Any CPU
		{BF80659D-FEEA-435E-B5FB-55F808EFF276}.Ad-Hoc|x86.Deploy.0 = Release|Any CPU
		{BF80659D-FEEA-435E-B5FB-55F808EFF276}.AppStore|Any CPU.ActiveCfg = Release|Any CPU
		{BF80659D-FEEA-435E-B5FB-55F808EFF276}.AppStore|Any CPU.Build.0 = Release|Any CPU
		{BF80659D-FEEA-435E-B5FB-55F808EFF276}.AppStore|Any CPU.Deploy.0 = Release|Any CPU
		{BF80659D-FEEA-435E-B5FB-55F808EFF276}.AppStore|ARM.ActiveCfg = Release|Any CPU
		{BF80659D-FEEA-435E-B5FB-55F808EFF276}.AppStore|ARM.Build.0 = Release|Any CPU
		{BF80659D-FEEA-435E-B5FB-55F808EFF276}.AppStore|ARM.Deploy.0 = Release|Any CPU
		{BF80659D-FEEA-435E-B5FB-55F808EFF276}.AppStore|iPhone.ActiveCfg = Release|Any CPU
		{BF80659D-FEEA-435E-B5FB-55F808EFF276}.AppStore|iPhone.Build.0 = Release|Any CPU
		{BF80659D-FEEA-435E-B5FB-55F808EFF276}.AppStore|iPhone.Deploy.0 = Release|Any CPU
		{BF80659D-FEEA-435E-B5FB-55F808EFF276}.AppStore|iPhoneSimulator.ActiveCfg = Release|Any CPU
		{BF80659D-FEEA-435E-B5FB-55F808EFF276}.AppStore|iPhoneSimulator.Build.0 = Release|Any CPU
		{BF80659D-FEEA-435E-B5FB-55F808EFF276}.AppStore|iPhoneSimulator.Deploy.0 = Release|Any CPU
		{BF80659D-FEEA-435E-B5FB-55F808EFF276}.AppStore|x64.ActiveCfg = Release|Any CPU
		{BF80659D-FEEA-435E-B5FB-55F808EFF276}.AppStore|x64.Build.0 = Release|Any CPU
		{BF80659D-FEEA-435E-B5FB-55F808EFF276}.AppStore|x64.Deploy.0 = Release|Any CPU
		{BF80659D-FEEA-435E-B5FB-55F808EFF276}.AppStore|x86.ActiveCfg = Release|Any CPU
		{BF80659D-FEEA-435E-B5FB-55F808EFF276}.AppStore|x86.Build.0 = Release|Any CPU
		{BF80659D-FEEA-435E-B5FB-55F808EFF276}.AppStore|x86.Deploy.0 = Release|Any CPU
		{BF80659D-FEEA-435E-B5FB-55F808EFF276}.Debug|Any CPU.ActiveCfg = Debug|Any CPU
		{BF80659D-FEEA-435E-B5FB-55F808EFF276}.Debug|Any CPU.Build.0 = Debug|Any CPU
		{BF80659D-FEEA-435E-B5FB-55F808EFF276}.Debug|Any CPU.Deploy.0 = Debug|Any CPU
		{BF80659D-FEEA-435E-B5FB-55F808EFF276}.Debug|ARM.ActiveCfg = Debug|Any CPU
		{BF80659D-FEEA-435E-B5FB-55F808EFF276}.Debug|ARM.Build.0 = Debug|Any CPU
		{BF80659D-FEEA-435E-B5FB-55F808EFF276}.Debug|ARM.Deploy.0 = Debug|Any CPU
		{BF80659D-FEEA-435E-B5FB-55F808EFF276}.Debug|iPhone.ActiveCfg = Debug|Any CPU
		{BF80659D-FEEA-435E-B5FB-55F808EFF276}.Debug|iPhone.Build.0 = Debug|Any CPU
		{BF80659D-FEEA-435E-B5FB-55F808EFF276}.Debug|iPhone.Deploy.0 = Debug|Any CPU
		{BF80659D-FEEA-435E-B5FB-55F808EFF276}.Debug|iPhoneSimulator.ActiveCfg = Debug|Any CPU
		{BF80659D-FEEA-435E-B5FB-55F808EFF276}.Debug|iPhoneSimulator.Build.0 = Debug|Any CPU
		{BF80659D-FEEA-435E-B5FB-55F808EFF276}.Debug|iPhoneSimulator.Deploy.0 = Debug|Any CPU
		{BF80659D-FEEA-435E-B5FB-55F808EFF276}.Debug|x64.ActiveCfg = Debug|Any CPU
		{BF80659D-FEEA-435E-B5FB-55F808EFF276}.Debug|x64.Build.0 = Debug|Any CPU
		{BF80659D-FEEA-435E-B5FB-55F808EFF276}.Debug|x64.Deploy.0 = Debug|Any CPU
		{BF80659D-FEEA-435E-B5FB-55F808EFF276}.Debug|x86.ActiveCfg = Debug|Any CPU
		{BF80659D-FEEA-435E-B5FB-55F808EFF276}.Debug|x86.Build.0 = Debug|Any CPU
		{BF80659D-FEEA-435E-B5FB-55F808EFF276}.Debug|x86.Deploy.0 = Debug|Any CPU
		{BF80659D-FEEA-435E-B5FB-55F808EFF276}.Release|Any CPU.ActiveCfg = Release|Any CPU
		{BF80659D-FEEA-435E-B5FB-55F808EFF276}.Release|Any CPU.Build.0 = Release|Any CPU
		{BF80659D-FEEA-435E-B5FB-55F808EFF276}.Release|Any CPU.Deploy.0 = Release|Any CPU
		{BF80659D-FEEA-435E-B5FB-55F808EFF276}.Release|ARM.ActiveCfg = Release|Any CPU
		{BF80659D-FEEA-435E-B5FB-55F808EFF276}.Release|ARM.Build.0 = Release|Any CPU
		{BF80659D-FEEA-435E-B5FB-55F808EFF276}.Release|ARM.Deploy.0 = Release|Any CPU
		{BF80659D-FEEA-435E-B5FB-55F808EFF276}.Release|iPhone.ActiveCfg = Release|Any CPU
		{BF80659D-FEEA-435E-B5FB-55F808EFF276}.Release|iPhone.Build.0 = Release|Any CPU
		{BF80659D-FEEA-435E-B5FB-55F808EFF276}.Release|iPhone.Deploy.0 = Release|Any CPU
		{BF80659D-FEEA-435E-B5FB-55F808EFF276}.Release|iPhoneSimulator.ActiveCfg = Release|Any CPU
		{BF80659D-FEEA-435E-B5FB-55F808EFF276}.Release|iPhoneSimulator.Build.0 = Release|Any CPU
		{BF80659D-FEEA-435E-B5FB-55F808EFF276}.Release|iPhoneSimulator.Deploy.0 = Release|Any CPU
		{BF80659D-FEEA-435E-B5FB-55F808EFF276}.Release|x64.ActiveCfg = Release|Any CPU
		{BF80659D-FEEA-435E-B5FB-55F808EFF276}.Release|x64.Build.0 = Release|Any CPU
		{BF80659D-FEEA-435E-B5FB-55F808EFF276}.Release|x64.Deploy.0 = Release|Any CPU
		{BF80659D-FEEA-435E-B5FB-55F808EFF276}.Release|x86.ActiveCfg = Release|Any CPU
		{BF80659D-FEEA-435E-B5FB-55F808EFF276}.Release|x86.Build.0 = Release|Any CPU
		{BF80659D-FEEA-435E-B5FB-55F808EFF276}.Release|x86.Deploy.0 = Release|Any CPU
		{094AAB09-DC5F-4886-BAAF-A58BF3DD5D84}.Ad-Hoc|Any CPU.ActiveCfg = Release|Any CPU
		{094AAB09-DC5F-4886-BAAF-A58BF3DD5D84}.Ad-Hoc|Any CPU.Build.0 = Release|Any CPU
		{094AAB09-DC5F-4886-BAAF-A58BF3DD5D84}.Ad-Hoc|ARM.ActiveCfg = Release|Any CPU
		{094AAB09-DC5F-4886-BAAF-A58BF3DD5D84}.Ad-Hoc|ARM.Build.0 = Release|Any CPU
		{094AAB09-DC5F-4886-BAAF-A58BF3DD5D84}.Ad-Hoc|iPhone.ActiveCfg = Release|Any CPU
		{094AAB09-DC5F-4886-BAAF-A58BF3DD5D84}.Ad-Hoc|iPhone.Build.0 = Release|Any CPU
		{094AAB09-DC5F-4886-BAAF-A58BF3DD5D84}.Ad-Hoc|iPhoneSimulator.ActiveCfg = Release|Any CPU
		{094AAB09-DC5F-4886-BAAF-A58BF3DD5D84}.Ad-Hoc|iPhoneSimulator.Build.0 = Release|Any CPU
		{094AAB09-DC5F-4886-BAAF-A58BF3DD5D84}.Ad-Hoc|x64.ActiveCfg = Release|Any CPU
		{094AAB09-DC5F-4886-BAAF-A58BF3DD5D84}.Ad-Hoc|x64.Build.0 = Release|Any CPU
		{094AAB09-DC5F-4886-BAAF-A58BF3DD5D84}.Ad-Hoc|x86.ActiveCfg = Release|Any CPU
		{094AAB09-DC5F-4886-BAAF-A58BF3DD5D84}.Ad-Hoc|x86.Build.0 = Release|Any CPU
		{094AAB09-DC5F-4886-BAAF-A58BF3DD5D84}.AppStore|Any CPU.ActiveCfg = Release|Any CPU
		{094AAB09-DC5F-4886-BAAF-A58BF3DD5D84}.AppStore|Any CPU.Build.0 = Release|Any CPU
		{094AAB09-DC5F-4886-BAAF-A58BF3DD5D84}.AppStore|ARM.ActiveCfg = Release|Any CPU
		{094AAB09-DC5F-4886-BAAF-A58BF3DD5D84}.AppStore|ARM.Build.0 = Release|Any CPU
		{094AAB09-DC5F-4886-BAAF-A58BF3DD5D84}.AppStore|iPhone.ActiveCfg = Release|Any CPU
		{094AAB09-DC5F-4886-BAAF-A58BF3DD5D84}.AppStore|iPhone.Build.0 = Release|Any CPU
		{094AAB09-DC5F-4886-BAAF-A58BF3DD5D84}.AppStore|iPhoneSimulator.ActiveCfg = Release|Any CPU
		{094AAB09-DC5F-4886-BAAF-A58BF3DD5D84}.AppStore|iPhoneSimulator.Build.0 = Release|Any CPU
		{094AAB09-DC5F-4886-BAAF-A58BF3DD5D84}.AppStore|x64.ActiveCfg = Release|Any CPU
		{094AAB09-DC5F-4886-BAAF-A58BF3DD5D84}.AppStore|x64.Build.0 = Release|Any CPU
		{094AAB09-DC5F-4886-BAAF-A58BF3DD5D84}.AppStore|x86.ActiveCfg = Release|Any CPU
		{094AAB09-DC5F-4886-BAAF-A58BF3DD5D84}.AppStore|x86.Build.0 = Release|Any CPU
		{094AAB09-DC5F-4886-BAAF-A58BF3DD5D84}.Debug|Any CPU.ActiveCfg = Debug|Any CPU
		{094AAB09-DC5F-4886-BAAF-A58BF3DD5D84}.Debug|Any CPU.Build.0 = Debug|Any CPU
		{094AAB09-DC5F-4886-BAAF-A58BF3DD5D84}.Debug|ARM.ActiveCfg = Debug|Any CPU
		{094AAB09-DC5F-4886-BAAF-A58BF3DD5D84}.Debug|ARM.Build.0 = Debug|Any CPU
		{094AAB09-DC5F-4886-BAAF-A58BF3DD5D84}.Debug|iPhone.ActiveCfg = Debug|Any CPU
		{094AAB09-DC5F-4886-BAAF-A58BF3DD5D84}.Debug|iPhone.Build.0 = Debug|Any CPU
		{094AAB09-DC5F-4886-BAAF-A58BF3DD5D84}.Debug|iPhoneSimulator.ActiveCfg = Debug|Any CPU
		{094AAB09-DC5F-4886-BAAF-A58BF3DD5D84}.Debug|iPhoneSimulator.Build.0 = Debug|Any CPU
		{094AAB09-DC5F-4886-BAAF-A58BF3DD5D84}.Debug|x64.ActiveCfg = Debug|Any CPU
		{094AAB09-DC5F-4886-BAAF-A58BF3DD5D84}.Debug|x64.Build.0 = Debug|Any CPU
		{094AAB09-DC5F-4886-BAAF-A58BF3DD5D84}.Debug|x86.ActiveCfg = Debug|Any CPU
		{094AAB09-DC5F-4886-BAAF-A58BF3DD5D84}.Debug|x86.Build.0 = Debug|Any CPU
		{094AAB09-DC5F-4886-BAAF-A58BF3DD5D84}.Release|Any CPU.ActiveCfg = Release|Any CPU
		{094AAB09-DC5F-4886-BAAF-A58BF3DD5D84}.Release|Any CPU.Build.0 = Release|Any CPU
		{094AAB09-DC5F-4886-BAAF-A58BF3DD5D84}.Release|ARM.ActiveCfg = Release|Any CPU
		{094AAB09-DC5F-4886-BAAF-A58BF3DD5D84}.Release|ARM.Build.0 = Release|Any CPU
		{094AAB09-DC5F-4886-BAAF-A58BF3DD5D84}.Release|iPhone.ActiveCfg = Release|Any CPU
		{094AAB09-DC5F-4886-BAAF-A58BF3DD5D84}.Release|iPhone.Build.0 = Release|Any CPU
		{094AAB09-DC5F-4886-BAAF-A58BF3DD5D84}.Release|iPhoneSimulator.ActiveCfg = Release|Any CPU
		{094AAB09-DC5F-4886-BAAF-A58BF3DD5D84}.Release|iPhoneSimulator.Build.0 = Release|Any CPU
		{094AAB09-DC5F-4886-BAAF-A58BF3DD5D84}.Release|x64.ActiveCfg = Release|Any CPU
		{094AAB09-DC5F-4886-BAAF-A58BF3DD5D84}.Release|x64.Build.0 = Release|Any CPU
		{094AAB09-DC5F-4886-BAAF-A58BF3DD5D84}.Release|x86.ActiveCfg = Release|Any CPU
		{094AAB09-DC5F-4886-BAAF-A58BF3DD5D84}.Release|x86.Build.0 = Release|Any CPU
		{B6186E8B-8E88-4F83-A1A3-5ACDC11FCC4E}.Ad-Hoc|Any CPU.ActiveCfg = Release|x86
		{B6186E8B-8E88-4F83-A1A3-5ACDC11FCC4E}.Ad-Hoc|Any CPU.Build.0 = Release|x86
		{B6186E8B-8E88-4F83-A1A3-5ACDC11FCC4E}.Ad-Hoc|Any CPU.Deploy.0 = Release|x86
		{B6186E8B-8E88-4F83-A1A3-5ACDC11FCC4E}.Ad-Hoc|ARM.ActiveCfg = Release|ARM
		{B6186E8B-8E88-4F83-A1A3-5ACDC11FCC4E}.Ad-Hoc|ARM.Build.0 = Release|ARM
		{B6186E8B-8E88-4F83-A1A3-5ACDC11FCC4E}.Ad-Hoc|ARM.Deploy.0 = Release|ARM
		{B6186E8B-8E88-4F83-A1A3-5ACDC11FCC4E}.Ad-Hoc|iPhone.ActiveCfg = Release|x86
		{B6186E8B-8E88-4F83-A1A3-5ACDC11FCC4E}.Ad-Hoc|iPhone.Build.0 = Release|x86
		{B6186E8B-8E88-4F83-A1A3-5ACDC11FCC4E}.Ad-Hoc|iPhone.Deploy.0 = Release|x86
		{B6186E8B-8E88-4F83-A1A3-5ACDC11FCC4E}.Ad-Hoc|iPhoneSimulator.ActiveCfg = Release|x86
		{B6186E8B-8E88-4F83-A1A3-5ACDC11FCC4E}.Ad-Hoc|iPhoneSimulator.Build.0 = Release|x86
		{B6186E8B-8E88-4F83-A1A3-5ACDC11FCC4E}.Ad-Hoc|iPhoneSimulator.Deploy.0 = Release|x86
		{B6186E8B-8E88-4F83-A1A3-5ACDC11FCC4E}.Ad-Hoc|x64.ActiveCfg = Release|x64
		{B6186E8B-8E88-4F83-A1A3-5ACDC11FCC4E}.Ad-Hoc|x64.Build.0 = Release|x64
		{B6186E8B-8E88-4F83-A1A3-5ACDC11FCC4E}.Ad-Hoc|x64.Deploy.0 = Release|x64
		{B6186E8B-8E88-4F83-A1A3-5ACDC11FCC4E}.Ad-Hoc|x86.ActiveCfg = Release|x86
		{B6186E8B-8E88-4F83-A1A3-5ACDC11FCC4E}.Ad-Hoc|x86.Build.0 = Release|x86
		{B6186E8B-8E88-4F83-A1A3-5ACDC11FCC4E}.Ad-Hoc|x86.Deploy.0 = Release|x86
		{B6186E8B-8E88-4F83-A1A3-5ACDC11FCC4E}.AppStore|Any CPU.ActiveCfg = Release|x86
		{B6186E8B-8E88-4F83-A1A3-5ACDC11FCC4E}.AppStore|Any CPU.Build.0 = Release|x86
		{B6186E8B-8E88-4F83-A1A3-5ACDC11FCC4E}.AppStore|Any CPU.Deploy.0 = Release|x86
		{B6186E8B-8E88-4F83-A1A3-5ACDC11FCC4E}.AppStore|ARM.ActiveCfg = Release|ARM
		{B6186E8B-8E88-4F83-A1A3-5ACDC11FCC4E}.AppStore|ARM.Build.0 = Release|ARM
		{B6186E8B-8E88-4F83-A1A3-5ACDC11FCC4E}.AppStore|ARM.Deploy.0 = Release|ARM
		{B6186E8B-8E88-4F83-A1A3-5ACDC11FCC4E}.AppStore|iPhone.ActiveCfg = Release|x86
		{B6186E8B-8E88-4F83-A1A3-5ACDC11FCC4E}.AppStore|iPhone.Build.0 = Release|x86
		{B6186E8B-8E88-4F83-A1A3-5ACDC11FCC4E}.AppStore|iPhone.Deploy.0 = Release|x86
		{B6186E8B-8E88-4F83-A1A3-5ACDC11FCC4E}.AppStore|iPhoneSimulator.ActiveCfg = Release|x86
		{B6186E8B-8E88-4F83-A1A3-5ACDC11FCC4E}.AppStore|iPhoneSimulator.Build.0 = Release|x86
		{B6186E8B-8E88-4F83-A1A3-5ACDC11FCC4E}.AppStore|iPhoneSimulator.Deploy.0 = Release|x86
		{B6186E8B-8E88-4F83-A1A3-5ACDC11FCC4E}.AppStore|x64.ActiveCfg = Release|x64
		{B6186E8B-8E88-4F83-A1A3-5ACDC11FCC4E}.AppStore|x64.Build.0 = Release|x64
		{B6186E8B-8E88-4F83-A1A3-5ACDC11FCC4E}.AppStore|x64.Deploy.0 = Release|x64
		{B6186E8B-8E88-4F83-A1A3-5ACDC11FCC4E}.AppStore|x86.ActiveCfg = Release|x86
		{B6186E8B-8E88-4F83-A1A3-5ACDC11FCC4E}.AppStore|x86.Build.0 = Release|x86
		{B6186E8B-8E88-4F83-A1A3-5ACDC11FCC4E}.AppStore|x86.Deploy.0 = Release|x86
		{B6186E8B-8E88-4F83-A1A3-5ACDC11FCC4E}.Debug|Any CPU.ActiveCfg = Debug|x86
		{B6186E8B-8E88-4F83-A1A3-5ACDC11FCC4E}.Debug|ARM.ActiveCfg = Debug|ARM
		{B6186E8B-8E88-4F83-A1A3-5ACDC11FCC4E}.Debug|ARM.Build.0 = Debug|ARM
		{B6186E8B-8E88-4F83-A1A3-5ACDC11FCC4E}.Debug|ARM.Deploy.0 = Debug|ARM
		{B6186E8B-8E88-4F83-A1A3-5ACDC11FCC4E}.Debug|iPhone.ActiveCfg = Debug|x86
		{B6186E8B-8E88-4F83-A1A3-5ACDC11FCC4E}.Debug|iPhoneSimulator.ActiveCfg = Debug|x86
		{B6186E8B-8E88-4F83-A1A3-5ACDC11FCC4E}.Debug|x64.ActiveCfg = Debug|x64
		{B6186E8B-8E88-4F83-A1A3-5ACDC11FCC4E}.Debug|x64.Build.0 = Debug|x64
		{B6186E8B-8E88-4F83-A1A3-5ACDC11FCC4E}.Debug|x64.Deploy.0 = Debug|x64
		{B6186E8B-8E88-4F83-A1A3-5ACDC11FCC4E}.Debug|x86.ActiveCfg = Debug|x86
		{B6186E8B-8E88-4F83-A1A3-5ACDC11FCC4E}.Debug|x86.Build.0 = Debug|x86
		{B6186E8B-8E88-4F83-A1A3-5ACDC11FCC4E}.Debug|x86.Deploy.0 = Debug|x86
		{B6186E8B-8E88-4F83-A1A3-5ACDC11FCC4E}.Release|Any CPU.ActiveCfg = Release|x86
		{B6186E8B-8E88-4F83-A1A3-5ACDC11FCC4E}.Release|ARM.ActiveCfg = Release|ARM
		{B6186E8B-8E88-4F83-A1A3-5ACDC11FCC4E}.Release|ARM.Build.0 = Release|ARM
		{B6186E8B-8E88-4F83-A1A3-5ACDC11FCC4E}.Release|ARM.Deploy.0 = Release|ARM
		{B6186E8B-8E88-4F83-A1A3-5ACDC11FCC4E}.Release|iPhone.ActiveCfg = Release|x86
		{B6186E8B-8E88-4F83-A1A3-5ACDC11FCC4E}.Release|iPhoneSimulator.ActiveCfg = Release|x86
		{B6186E8B-8E88-4F83-A1A3-5ACDC11FCC4E}.Release|x64.ActiveCfg = Release|x64
		{B6186E8B-8E88-4F83-A1A3-5ACDC11FCC4E}.Release|x64.Build.0 = Release|x64
		{B6186E8B-8E88-4F83-A1A3-5ACDC11FCC4E}.Release|x64.Deploy.0 = Release|x64
		{B6186E8B-8E88-4F83-A1A3-5ACDC11FCC4E}.Release|x86.ActiveCfg = Release|x86
		{B6186E8B-8E88-4F83-A1A3-5ACDC11FCC4E}.Release|x86.Build.0 = Release|x86
		{B6186E8B-8E88-4F83-A1A3-5ACDC11FCC4E}.Release|x86.Deploy.0 = Release|x86
		{42FC3681-7FD1-4E4D-827E-46357C52D063}.Ad-Hoc|Any CPU.ActiveCfg = Ad-Hoc|iPhone
		{42FC3681-7FD1-4E4D-827E-46357C52D063}.Ad-Hoc|ARM.ActiveCfg = Ad-Hoc|iPhone
		{42FC3681-7FD1-4E4D-827E-46357C52D063}.Ad-Hoc|iPhone.ActiveCfg = Ad-Hoc|iPhone
		{42FC3681-7FD1-4E4D-827E-46357C52D063}.Ad-Hoc|iPhone.Build.0 = Ad-Hoc|iPhone
		{42FC3681-7FD1-4E4D-827E-46357C52D063}.Ad-Hoc|iPhoneSimulator.ActiveCfg = Ad-Hoc|iPhoneSimulator
		{42FC3681-7FD1-4E4D-827E-46357C52D063}.Ad-Hoc|iPhoneSimulator.Build.0 = Ad-Hoc|iPhoneSimulator
		{42FC3681-7FD1-4E4D-827E-46357C52D063}.Ad-Hoc|x64.ActiveCfg = Ad-Hoc|iPhone
		{42FC3681-7FD1-4E4D-827E-46357C52D063}.Ad-Hoc|x86.ActiveCfg = Ad-Hoc|iPhone
		{42FC3681-7FD1-4E4D-827E-46357C52D063}.AppStore|Any CPU.ActiveCfg = AppStore|iPhone
		{42FC3681-7FD1-4E4D-827E-46357C52D063}.AppStore|ARM.ActiveCfg = AppStore|iPhone
		{42FC3681-7FD1-4E4D-827E-46357C52D063}.AppStore|iPhone.ActiveCfg = AppStore|iPhone
		{42FC3681-7FD1-4E4D-827E-46357C52D063}.AppStore|iPhone.Build.0 = AppStore|iPhone
		{42FC3681-7FD1-4E4D-827E-46357C52D063}.AppStore|iPhoneSimulator.ActiveCfg = AppStore|iPhoneSimulator
		{42FC3681-7FD1-4E4D-827E-46357C52D063}.AppStore|iPhoneSimulator.Build.0 = AppStore|iPhoneSimulator
		{42FC3681-7FD1-4E4D-827E-46357C52D063}.AppStore|x64.ActiveCfg = AppStore|iPhone
		{42FC3681-7FD1-4E4D-827E-46357C52D063}.AppStore|x86.ActiveCfg = AppStore|iPhone
		{42FC3681-7FD1-4E4D-827E-46357C52D063}.Debug|Any CPU.ActiveCfg = Debug|iPhone
		{42FC3681-7FD1-4E4D-827E-46357C52D063}.Debug|ARM.ActiveCfg = Debug|iPhone
		{42FC3681-7FD1-4E4D-827E-46357C52D063}.Debug|iPhone.ActiveCfg = Debug|iPhone
		{42FC3681-7FD1-4E4D-827E-46357C52D063}.Debug|iPhone.Build.0 = Debug|iPhone
		{42FC3681-7FD1-4E4D-827E-46357C52D063}.Debug|iPhoneSimulator.ActiveCfg = Debug|iPhoneSimulator
		{42FC3681-7FD1-4E4D-827E-46357C52D063}.Debug|iPhoneSimulator.Build.0 = Debug|iPhoneSimulator
		{42FC3681-7FD1-4E4D-827E-46357C52D063}.Debug|x64.ActiveCfg = Debug|iPhone
		{42FC3681-7FD1-4E4D-827E-46357C52D063}.Debug|x86.ActiveCfg = Debug|iPhone
		{42FC3681-7FD1-4E4D-827E-46357C52D063}.Release|Any CPU.ActiveCfg = Release|iPhone
		{42FC3681-7FD1-4E4D-827E-46357C52D063}.Release|ARM.ActiveCfg = Release|iPhone
		{42FC3681-7FD1-4E4D-827E-46357C52D063}.Release|iPhone.ActiveCfg = Release|iPhone
		{42FC3681-7FD1-4E4D-827E-46357C52D063}.Release|iPhone.Build.0 = Release|iPhone
		{42FC3681-7FD1-4E4D-827E-46357C52D063}.Release|iPhoneSimulator.ActiveCfg = Release|iPhoneSimulator
		{42FC3681-7FD1-4E4D-827E-46357C52D063}.Release|iPhoneSimulator.Build.0 = Release|iPhoneSimulator
		{42FC3681-7FD1-4E4D-827E-46357C52D063}.Release|x64.ActiveCfg = Release|iPhone
		{42FC3681-7FD1-4E4D-827E-46357C52D063}.Release|x86.ActiveCfg = Release|iPhone
		{DE6ECD4B-B927-4098-AAE2-8D5187298E5D}.Ad-Hoc|Any CPU.ActiveCfg = Debug|Any CPU
		{DE6ECD4B-B927-4098-AAE2-8D5187298E5D}.Ad-Hoc|Any CPU.Build.0 = Debug|Any CPU
		{DE6ECD4B-B927-4098-AAE2-8D5187298E5D}.Ad-Hoc|ARM.ActiveCfg = Debug|Any CPU
		{DE6ECD4B-B927-4098-AAE2-8D5187298E5D}.Ad-Hoc|ARM.Build.0 = Debug|Any CPU
		{DE6ECD4B-B927-4098-AAE2-8D5187298E5D}.Ad-Hoc|iPhone.ActiveCfg = Debug|Any CPU
		{DE6ECD4B-B927-4098-AAE2-8D5187298E5D}.Ad-Hoc|iPhone.Build.0 = Debug|Any CPU
		{DE6ECD4B-B927-4098-AAE2-8D5187298E5D}.Ad-Hoc|iPhoneSimulator.ActiveCfg = Debug|Any CPU
		{DE6ECD4B-B927-4098-AAE2-8D5187298E5D}.Ad-Hoc|iPhoneSimulator.Build.0 = Debug|Any CPU
		{DE6ECD4B-B927-4098-AAE2-8D5187298E5D}.Ad-Hoc|x64.ActiveCfg = Debug|Any CPU
		{DE6ECD4B-B927-4098-AAE2-8D5187298E5D}.Ad-Hoc|x64.Build.0 = Debug|Any CPU
		{DE6ECD4B-B927-4098-AAE2-8D5187298E5D}.Ad-Hoc|x86.ActiveCfg = Debug|Any CPU
		{DE6ECD4B-B927-4098-AAE2-8D5187298E5D}.Ad-Hoc|x86.Build.0 = Debug|Any CPU
		{DE6ECD4B-B927-4098-AAE2-8D5187298E5D}.AppStore|Any CPU.ActiveCfg = Debug|Any CPU
		{DE6ECD4B-B927-4098-AAE2-8D5187298E5D}.AppStore|Any CPU.Build.0 = Debug|Any CPU
		{DE6ECD4B-B927-4098-AAE2-8D5187298E5D}.AppStore|ARM.ActiveCfg = Debug|Any CPU
		{DE6ECD4B-B927-4098-AAE2-8D5187298E5D}.AppStore|ARM.Build.0 = Debug|Any CPU
		{DE6ECD4B-B927-4098-AAE2-8D5187298E5D}.AppStore|iPhone.ActiveCfg = Debug|Any CPU
		{DE6ECD4B-B927-4098-AAE2-8D5187298E5D}.AppStore|iPhone.Build.0 = Debug|Any CPU
		{DE6ECD4B-B927-4098-AAE2-8D5187298E5D}.AppStore|iPhoneSimulator.ActiveCfg = Debug|Any CPU
		{DE6ECD4B-B927-4098-AAE2-8D5187298E5D}.AppStore|iPhoneSimulator.Build.0 = Debug|Any CPU
		{DE6ECD4B-B927-4098-AAE2-8D5187298E5D}.AppStore|x64.ActiveCfg = Debug|Any CPU
		{DE6ECD4B-B927-4098-AAE2-8D5187298E5D}.AppStore|x64.Build.0 = Debug|Any CPU
		{DE6ECD4B-B927-4098-AAE2-8D5187298E5D}.AppStore|x86.ActiveCfg = Debug|Any CPU
		{DE6ECD4B-B927-4098-AAE2-8D5187298E5D}.AppStore|x86.Build.0 = Debug|Any CPU
		{DE6ECD4B-B927-4098-AAE2-8D5187298E5D}.Debug|Any CPU.ActiveCfg = Debug|Any CPU
		{DE6ECD4B-B927-4098-AAE2-8D5187298E5D}.Debug|Any CPU.Build.0 = Debug|Any CPU
		{DE6ECD4B-B927-4098-AAE2-8D5187298E5D}.Debug|ARM.ActiveCfg = Debug|Any CPU
		{DE6ECD4B-B927-4098-AAE2-8D5187298E5D}.Debug|ARM.Build.0 = Debug|Any CPU
		{DE6ECD4B-B927-4098-AAE2-8D5187298E5D}.Debug|iPhone.ActiveCfg = Debug|Any CPU
		{DE6ECD4B-B927-4098-AAE2-8D5187298E5D}.Debug|iPhone.Build.0 = Debug|Any CPU
		{DE6ECD4B-B927-4098-AAE2-8D5187298E5D}.Debug|iPhoneSimulator.ActiveCfg = Debug|Any CPU
		{DE6ECD4B-B927-4098-AAE2-8D5187298E5D}.Debug|iPhoneSimulator.Build.0 = Debug|Any CPU
		{DE6ECD4B-B927-4098-AAE2-8D5187298E5D}.Debug|x64.ActiveCfg = Debug|Any CPU
		{DE6ECD4B-B927-4098-AAE2-8D5187298E5D}.Debug|x64.Build.0 = Debug|Any CPU
		{DE6ECD4B-B927-4098-AAE2-8D5187298E5D}.Debug|x86.ActiveCfg = Debug|Any CPU
		{DE6ECD4B-B927-4098-AAE2-8D5187298E5D}.Debug|x86.Build.0 = Debug|Any CPU
		{DE6ECD4B-B927-4098-AAE2-8D5187298E5D}.Release|Any CPU.ActiveCfg = Release|Any CPU
		{DE6ECD4B-B927-4098-AAE2-8D5187298E5D}.Release|Any CPU.Build.0 = Release|Any CPU
		{DE6ECD4B-B927-4098-AAE2-8D5187298E5D}.Release|ARM.ActiveCfg = Release|Any CPU
		{DE6ECD4B-B927-4098-AAE2-8D5187298E5D}.Release|ARM.Build.0 = Release|Any CPU
		{DE6ECD4B-B927-4098-AAE2-8D5187298E5D}.Release|iPhone.ActiveCfg = Release|Any CPU
		{DE6ECD4B-B927-4098-AAE2-8D5187298E5D}.Release|iPhone.Build.0 = Release|Any CPU
		{DE6ECD4B-B927-4098-AAE2-8D5187298E5D}.Release|iPhoneSimulator.ActiveCfg = Release|Any CPU
		{DE6ECD4B-B927-4098-AAE2-8D5187298E5D}.Release|iPhoneSimulator.Build.0 = Release|Any CPU
		{DE6ECD4B-B927-4098-AAE2-8D5187298E5D}.Release|x64.ActiveCfg = Release|Any CPU
		{DE6ECD4B-B927-4098-AAE2-8D5187298E5D}.Release|x64.Build.0 = Release|Any CPU
		{DE6ECD4B-B927-4098-AAE2-8D5187298E5D}.Release|x86.ActiveCfg = Release|Any CPU
		{DE6ECD4B-B927-4098-AAE2-8D5187298E5D}.Release|x86.Build.0 = Release|Any CPU
	EndGlobalSection
	GlobalSection(SolutionProperties) = preSolution
		HideSolutionNode = FALSE
	EndGlobalSection
	GlobalSection(ExtensibilityGlobals) = postSolution
		SolutionGuid = {D964B9DA-8DB2-4F38-8301-7E4C7B378D7A}
	EndGlobalSection
EndGlobal
